
Microsoft Visual Studio Solution File, Format Version 12.00
# Visual Studio Version 16
VisualStudioVersion = 16.0.32802.440
MinimumVisualStudioVersion = 10.0.40219.1
Project("{FAE04EC0-301F-11D3-BF4B-00C04F79EFBC}") = "DoAnOAnQuan", "DoAnOAnQuan\DoAnOAnQuan.csproj", "{B75989AA-4B14-42FE-B698-A9AA73D83490}"
EndProject
Project("{FAE04EC0-301F-11D3-BF4B-00C04F79EFBC}") = "ThuVienClass", "ThuVienClass\ThuVienClass.csproj", "{4E68DFFA-7558-4E39-AA3B-5A95062C1557}"
EndProject
Project("{54435603-DBB4-11D2-8724-00A0C9A8B90C}") = "Setup_OAnQuan", "Setup_OAnQuan\Setup_OAnQuan.vdproj", "{29A37C91-683C-4992-8E1C-4D4A17A1A59F}"
EndProject
Global
	GlobalSection(SolutionConfigurationPlatforms) = preSolution
		Debug|Any CPU = Debug|Any CPU
		Release|Any CPU = Release|Any CPU
	EndGlobalSection
	GlobalSection(ProjectConfigurationPlatforms) = postSolution
		{B75989AA-4B14-42FE-B698-A9AA73D83490}.Debug|Any CPU.ActiveCfg = Debug|Any CPU
		{B75989AA-4B14-42FE-B698-A9AA73D83490}.Debug|Any CPU.Build.0 = Debug|Any CPU
		{B75989AA-4B14-42FE-B698-A9AA73D83490}.Release|Any CPU.ActiveCfg = Release|Any CPU
		{B75989AA-4B14-42FE-B698-A9AA73D83490}.Release|Any CPU.Build.0 = Release|Any CPU
		{4E68DFFA-7558-4E39-AA3B-5A95062C1557}.Debug|Any CPU.ActiveCfg = Debug|Any CPU
		{4E68DFFA-7558-4E39-AA3B-5A95062C1557}.Debug|Any CPU.Build.0 = Debug|Any CPU
		{4E68DFFA-7558-4E39-AA3B-5A95062C1557}.Release|Any CPU.ActiveCfg = Release|Any CPU
		{4E68DFFA-7558-4E39-AA3B-5A95062C1557}.Release|Any CPU.Build.0 = Release|Any CPU
		{29A37C91-683C-4992-8E1C-4D4A17A1A59F}.Debug|Any CPU.ActiveCfg = Debug
		{29A37C91-683C-4992-8E1C-4D4A17A1A59F}.Release|Any CPU.ActiveCfg = Release
	EndGlobalSection
	GlobalSection(SolutionProperties) = preSolution
		HideSolutionNode = FALSE
	EndGlobalSection
	GlobalSection(ExtensibilityGlobals) = postSolution
		SolutionGuid = {4160C15B-63D7-4054-AD9D-ACB299E4EC1F}
	EndGlobalSection
EndGlobal
